
Microsoft Visual Studio Solution File, Format Version 12.00
# Visual Studio Version 17
VisualStudioVersion = 17.8.34316.72
MinimumVisualStudioVersion = 10.0.40219.1
Project("{54A90642-561A-4BB1-A94E-469ADEE60C69}") = "site", "site\site.esproj", "{7C022B8B-833C-4B89-A9C5-E8316A76FE32}"
EndProject
Global
	GlobalSection(SolutionConfigurationPlatforms) = preSolution
		Debug|Any CPU = Debug|Any CPU
		Release|Any CPU = Release|Any CPU
	EndGlobalSection
	GlobalSection(ProjectConfigurationPlatforms) = postSolution
		{7C022B8B-833C-4B89-A9C5-E8316A76FE32}.Debug|Any CPU.ActiveCfg = Debug|Any CPU
		{7C022B8B-833C-4B89-A9C5-E8316A76FE32}.Debug|Any CPU.Build.0 = Debug|Any CPU
		{7C022B8B-833C-4B89-A9C5-E8316A76FE32}.Debug|Any CPU.Deploy.0 = Debug|Any CPU
		{7C022B8B-833C-4B89-A9C5-E8316A76FE32}.Release|Any CPU.ActiveCfg = Release|Any CPU
		{7C022B8B-833C-4B89-A9C5-E8316A76FE32}.Release|Any CPU.Build.0 = Release|Any CPU
		{7C022B8B-833C-4B89-A9C5-E8316A76FE32}.Release|Any CPU.Deploy.0 = Release|Any CPU
	EndGlobalSection
	GlobalSection(SolutionProperties) = preSolution
		HideSolutionNode = FALSE
	EndGlobalSection
	GlobalSection(ExtensibilityGlobals) = postSolution
		SolutionGuid = {B5BB5899-A203-46AC-BAD3-14CDF38229B7}
	EndGlobalSection
EndGlobal
